
Microsoft Visual Studio Solution File, Format Version 12.00
# Visual Studio 14
VisualStudioVersion = 14.0.25420.1
MinimumVisualStudioVersion = 10.0.40219.1
Project("{FAE04EC0-301F-11D3-BF4B-00C04F79EFBC}") = "Content-Based Router", "Content-Based Router\Content-Based Router.csproj", "{73CAD753-20AB-494D-91D9-57D98342F713}"
EndProject
Project("{FAE04EC0-301F-11D3-BF4B-00C04F79EFBC}") = "Message Filter", "Message Filter\Message Filter.csproj", "{CDC9CC84-C2B9-4DAC-B0C4-1DE55E881448}"
EndProject
Project("{FAE04EC0-301F-11D3-BF4B-00C04F79EFBC}") = "Dynamic Router", "Dynamic Router\Dynamic Router.csproj", "{D0809601-354E-4A2E-8FC0-C862C2C40535}"
EndProject
Project("{FAE04EC0-301F-11D3-BF4B-00C04F79EFBC}") = "Recipient List", "Recipient List\Recipient List.csproj", "{7711E227-2975-4A58-9F6E-308D0029D973}"
EndProject
Project("{FAE04EC0-301F-11D3-BF4B-00C04F79EFBC}") = "Splitter", "Splitter\Splitter.csproj", "{A7FB334A-6961-439D-BC01-EEE8F502A82E}"
EndProject
Project("{FAE04EC0-301F-11D3-BF4B-00C04F79EFBC}") = "Aggregator", "Aggregator\Aggregator.csproj", "{FE5B44B6-884A-4123-A2E1-916AC9069326}"
EndProject
Project("{FAE04EC0-301F-11D3-BF4B-00C04F79EFBC}") = "Resequencer", "Resequencer\Resequencer.csproj", "{96B44207-D04F-4348-A9A3-9350A2880689}"
EndProject
Project("{FAE04EC0-301F-11D3-BF4B-00C04F79EFBC}") = "Scatter-Gather", "Scatter-Gather\Scatter-Gather.csproj", "{D163AC47-A403-488E-A819-020222D1F14E}"
EndProject
Project("{FAE04EC0-301F-11D3-BF4B-00C04F79EFBC}") = "Routing Slip", "Routing Slip\Routing Slip.csproj", "{60289A2E-099C-43A4-90AB-EDD3FE0D0B00}"
EndProject
Global
	GlobalSection(SolutionConfigurationPlatforms) = preSolution
		Debug|Any CPU = Debug|Any CPU
		Release|Any CPU = Release|Any CPU
	EndGlobalSection
	GlobalSection(ProjectConfigurationPlatforms) = postSolution
		{73CAD753-20AB-494D-91D9-57D98342F713}.Debug|Any CPU.ActiveCfg = Debug|Any CPU
		{73CAD753-20AB-494D-91D9-57D98342F713}.Debug|Any CPU.Build.0 = Debug|Any CPU
		{73CAD753-20AB-494D-91D9-57D98342F713}.Release|Any CPU.ActiveCfg = Release|Any CPU
		{73CAD753-20AB-494D-91D9-57D98342F713}.Release|Any CPU.Build.0 = Release|Any CPU
		{CDC9CC84-C2B9-4DAC-B0C4-1DE55E881448}.Debug|Any CPU.ActiveCfg = Debug|Any CPU
		{CDC9CC84-C2B9-4DAC-B0C4-1DE55E881448}.Debug|Any CPU.Build.0 = Debug|Any CPU
		{CDC9CC84-C2B9-4DAC-B0C4-1DE55E881448}.Release|Any CPU.ActiveCfg = Release|Any CPU
		{CDC9CC84-C2B9-4DAC-B0C4-1DE55E881448}.Release|Any CPU.Build.0 = Release|Any CPU
		{D0809601-354E-4A2E-8FC0-C862C2C40535}.Debug|Any CPU.ActiveCfg = Debug|Any CPU
		{D0809601-354E-4A2E-8FC0-C862C2C40535}.Debug|Any CPU.Build.0 = Debug|Any CPU
		{D0809601-354E-4A2E-8FC0-C862C2C40535}.Release|Any CPU.ActiveCfg = Release|Any CPU
		{D0809601-354E-4A2E-8FC0-C862C2C40535}.Release|Any CPU.Build.0 = Release|Any CPU
		{7711E227-2975-4A58-9F6E-308D0029D973}.Debug|Any CPU.ActiveCfg = Debug|Any CPU
		{7711E227-2975-4A58-9F6E-308D0029D973}.Debug|Any CPU.Build.0 = Debug|Any CPU
		{7711E227-2975-4A58-9F6E-308D0029D973}.Release|Any CPU.ActiveCfg = Release|Any CPU
		{7711E227-2975-4A58-9F6E-308D0029D973}.Release|Any CPU.Build.0 = Release|Any CPU
		{A7FB334A-6961-439D-BC01-EEE8F502A82E}.Debug|Any CPU.ActiveCfg = Debug|Any CPU
		{A7FB334A-6961-439D-BC01-EEE8F502A82E}.Debug|Any CPU.Build.0 = Debug|Any CPU
		{A7FB334A-6961-439D-BC01-EEE8F502A82E}.Release|Any CPU.ActiveCfg = Release|Any CPU
		{A7FB334A-6961-439D-BC01-EEE8F502A82E}.Release|Any CPU.Build.0 = Release|Any CPU
		{FE5B44B6-884A-4123-A2E1-916AC9069326}.Debug|Any CPU.ActiveCfg = Debug|Any CPU
		{FE5B44B6-884A-4123-A2E1-916AC9069326}.Debug|Any CPU.Build.0 = Debug|Any CPU
		{FE5B44B6-884A-4123-A2E1-916AC9069326}.Release|Any CPU.ActiveCfg = Release|Any CPU
		{FE5B44B6-884A-4123-A2E1-916AC9069326}.Release|Any CPU.Build.0 = Release|Any CPU
		{96B44207-D04F-4348-A9A3-9350A2880689}.Debug|Any CPU.ActiveCfg = Debug|Any CPU
		{96B44207-D04F-4348-A9A3-9350A2880689}.Debug|Any CPU.Build.0 = Debug|Any CPU
		{96B44207-D04F-4348-A9A3-9350A2880689}.Release|Any CPU.ActiveCfg = Release|Any CPU
		{96B44207-D04F-4348-A9A3-9350A2880689}.Release|Any CPU.Build.0 = Release|Any CPU
		{D163AC47-A403-488E-A819-020222D1F14E}.Debug|Any CPU.ActiveCfg = Debug|Any CPU
		{D163AC47-A403-488E-A819-020222D1F14E}.Debug|Any CPU.Build.0 = Debug|Any CPU
		{D163AC47-A403-488E-A819-020222D1F14E}.Release|Any CPU.ActiveCfg = Release|Any CPU
		{D163AC47-A403-488E-A819-020222D1F14E}.Release|Any CPU.Build.0 = Release|Any CPU
		{60289A2E-099C-43A4-90AB-EDD3FE0D0B00}.Debug|Any CPU.ActiveCfg = Debug|Any CPU
		{60289A2E-099C-43A4-90AB-EDD3FE0D0B00}.Debug|Any CPU.Build.0 = Debug|Any CPU
		{60289A2E-099C-43A4-90AB-EDD3FE0D0B00}.Release|Any CPU.ActiveCfg = Release|Any CPU
		{60289A2E-099C-43A4-90AB-EDD3FE0D0B00}.Release|Any CPU.Build.0 = Release|Any CPU
	EndGlobalSection
	GlobalSection(SolutionProperties) = preSolution
		HideSolutionNode = FALSE
	EndGlobalSection
EndGlobal
