
Microsoft Visual Studio Solution File, Format Version 12.00
# Visual Studio 14
VisualStudioVersion = 14.0.25420.1
MinimumVisualStudioVersion = 10.0.40219.1
Project("{FAE04EC0-301F-11D3-BF4B-00C04F79EFBC}") = "Point-to-Point Channel", "Point-to-Point Channel\Point-to-Point Channel.csproj", "{5E7BFE57-5644-4C2C-B3F8-73190E5A6E3F}"
EndProject
Project("{FAE04EC0-301F-11D3-BF4B-00C04F79EFBC}") = "Publish-Subscribe Channel", "Publish-Subscribe Channel\Publish-Subscribe Channel.csproj", "{D15D3556-F95E-4667-AB32-7BA6BAC01DE4}"
EndProject
Project("{FAE04EC0-301F-11D3-BF4B-00C04F79EFBC}") = "Datatype Channel", "Datatype Channel\Datatype Channel.csproj", "{C70B8827-A4DE-4584-8583-506AE3F762C1}"
EndProject
Project("{FAE04EC0-301F-11D3-BF4B-00C04F79EFBC}") = "Invalid Message Channel", "Invalid Message Channel\Invalid Message Channel.csproj", "{9B7FEB50-87C8-4FC5-AF1E-ED18615697A4}"
EndProject
Project("{FAE04EC0-301F-11D3-BF4B-00C04F79EFBC}") = "Dead Letter Channel", "Dead Letter Channel\Dead Letter Channel.csproj", "{466EB2A4-DB1F-47A3-AD69-698139F38982}"
EndProject
Project("{FAE04EC0-301F-11D3-BF4B-00C04F79EFBC}") = "Channel Adapter", "Channel Adapter\Channel Adapter.csproj", "{B7258DCD-20B7-42FC-A7F9-7FD5AC327FB7}"
EndProject
Project("{FAE04EC0-301F-11D3-BF4B-00C04F79EFBC}") = "Message Bridge", "Message Bridge\Message Bridge.csproj", "{607572C2-9E7B-4E0E-896A-7A8BC20993B1}"
EndProject
Project("{FAE04EC0-301F-11D3-BF4B-00C04F79EFBC}") = "Message Bus", "Message Bus\Message Bus.csproj", "{37598221-2BD5-449B-92BA-4571A2B1A459}"
EndProject
Global
	GlobalSection(SolutionConfigurationPlatforms) = preSolution
		Debug|Any CPU = Debug|Any CPU
		Release|Any CPU = Release|Any CPU
	EndGlobalSection
	GlobalSection(ProjectConfigurationPlatforms) = postSolution
		{5E7BFE57-5644-4C2C-B3F8-73190E5A6E3F}.Debug|Any CPU.ActiveCfg = Debug|Any CPU
		{5E7BFE57-5644-4C2C-B3F8-73190E5A6E3F}.Debug|Any CPU.Build.0 = Debug|Any CPU
		{5E7BFE57-5644-4C2C-B3F8-73190E5A6E3F}.Release|Any CPU.ActiveCfg = Release|Any CPU
		{5E7BFE57-5644-4C2C-B3F8-73190E5A6E3F}.Release|Any CPU.Build.0 = Release|Any CPU
		{D15D3556-F95E-4667-AB32-7BA6BAC01DE4}.Debug|Any CPU.ActiveCfg = Debug|Any CPU
		{D15D3556-F95E-4667-AB32-7BA6BAC01DE4}.Debug|Any CPU.Build.0 = Debug|Any CPU
		{D15D3556-F95E-4667-AB32-7BA6BAC01DE4}.Release|Any CPU.ActiveCfg = Release|Any CPU
		{D15D3556-F95E-4667-AB32-7BA6BAC01DE4}.Release|Any CPU.Build.0 = Release|Any CPU
		{C70B8827-A4DE-4584-8583-506AE3F762C1}.Debug|Any CPU.ActiveCfg = Debug|Any CPU
		{C70B8827-A4DE-4584-8583-506AE3F762C1}.Debug|Any CPU.Build.0 = Debug|Any CPU
		{C70B8827-A4DE-4584-8583-506AE3F762C1}.Release|Any CPU.ActiveCfg = Release|Any CPU
		{C70B8827-A4DE-4584-8583-506AE3F762C1}.Release|Any CPU.Build.0 = Release|Any CPU
		{9B7FEB50-87C8-4FC5-AF1E-ED18615697A4}.Debug|Any CPU.ActiveCfg = Debug|Any CPU
		{9B7FEB50-87C8-4FC5-AF1E-ED18615697A4}.Debug|Any CPU.Build.0 = Debug|Any CPU
		{9B7FEB50-87C8-4FC5-AF1E-ED18615697A4}.Release|Any CPU.ActiveCfg = Release|Any CPU
		{9B7FEB50-87C8-4FC5-AF1E-ED18615697A4}.Release|Any CPU.Build.0 = Release|Any CPU
		{466EB2A4-DB1F-47A3-AD69-698139F38982}.Debug|Any CPU.ActiveCfg = Debug|Any CPU
		{466EB2A4-DB1F-47A3-AD69-698139F38982}.Debug|Any CPU.Build.0 = Debug|Any CPU
		{466EB2A4-DB1F-47A3-AD69-698139F38982}.Release|Any CPU.ActiveCfg = Release|Any CPU
		{466EB2A4-DB1F-47A3-AD69-698139F38982}.Release|Any CPU.Build.0 = Release|Any CPU
		{B7258DCD-20B7-42FC-A7F9-7FD5AC327FB7}.Debug|Any CPU.ActiveCfg = Debug|Any CPU
		{B7258DCD-20B7-42FC-A7F9-7FD5AC327FB7}.Debug|Any CPU.Build.0 = Debug|Any CPU
		{B7258DCD-20B7-42FC-A7F9-7FD5AC327FB7}.Release|Any CPU.ActiveCfg = Release|Any CPU
		{B7258DCD-20B7-42FC-A7F9-7FD5AC327FB7}.Release|Any CPU.Build.0 = Release|Any CPU
		{607572C2-9E7B-4E0E-896A-7A8BC20993B1}.Debug|Any CPU.ActiveCfg = Debug|Any CPU
		{607572C2-9E7B-4E0E-896A-7A8BC20993B1}.Debug|Any CPU.Build.0 = Debug|Any CPU
		{607572C2-9E7B-4E0E-896A-7A8BC20993B1}.Release|Any CPU.ActiveCfg = Release|Any CPU
		{607572C2-9E7B-4E0E-896A-7A8BC20993B1}.Release|Any CPU.Build.0 = Release|Any CPU
		{37598221-2BD5-449B-92BA-4571A2B1A459}.Debug|Any CPU.ActiveCfg = Debug|Any CPU
		{37598221-2BD5-449B-92BA-4571A2B1A459}.Debug|Any CPU.Build.0 = Debug|Any CPU
		{37598221-2BD5-449B-92BA-4571A2B1A459}.Release|Any CPU.ActiveCfg = Release|Any CPU
		{37598221-2BD5-449B-92BA-4571A2B1A459}.Release|Any CPU.Build.0 = Release|Any CPU
	EndGlobalSection
	GlobalSection(SolutionProperties) = preSolution
		HideSolutionNode = FALSE
	EndGlobalSection
EndGlobal
